{
  "name": "novicell-sprite-scroller",
  "version": "1.0.0",
  "lockfileVersion": 1,
  "requires": true,
  "dependencies": {
    "gsap": {
      "version": "2.1.1",
      "resolved": "https://registry.npmjs.org/gsap/-/gsap-2.1.1.tgz",
      "integrity": "sha512-+K9n1IB3cHu6s3nSWfjBSpwYFo4OBzOswjtzMvLK2fBsfcOijTNQdJ5NxRIg5rNPjIexIUGZd4xFekHvS+3OZg=="
    },
    "scrollmagic": {
      "version": "2.0.6",
      "resolved": "https://registry.npmjs.org/scrollmagic/-/scrollmagic-2.0.6.tgz",
      "integrity": "sha512-uH4Z/NggT50MD3iOTOa6/B9n9+WkMpKGrVj3NuRRg2WoKaaZXCXx8EgKJBmH3SzRKHYHbZ3NJDPQ2AOhXlsTuw=="
    },
    "stickyfill": {
      "version": "1.1.1-strict",
      "resolved": "https://registry.npmjs.org/stickyfill/-/stickyfill-1.1.1-strict.tgz",
      "integrity": "sha512-sATIqk4FvUQqSEWAVVWHUJoH98cKQ5REqDl5y8/Ij5Yj7tCLv+Y2gj/ioMcYuvUbtPL8j4kWmPTARR6fiDJNgQ=="
    }
  }
}
